
Microsoft Visual Studio Solution File, Format Version 12.00
# Visual Studio Version 16
VisualStudioVersion = 16.0.31019.35
MinimumVisualStudioVersion = 10.0.40219.1
Project("{FAE04EC0-301F-11D3-BF4B-00C04F79EFBC}") = "MailService.Api", "MialService.Api\MailService.Api.csproj", "{12D80122-4555-4C3E-9E12-3C07662C2745}"
EndProject
Global
	GlobalSection(SolutionConfigurationPlatforms) = preSolution
		Debug|Any CPU = Debug|Any CPU
		Release|Any CPU = Release|Any CPU
	EndGlobalSection
	GlobalSection(ProjectConfigurationPlatforms) = postSolution
		{12D80122-4555-4C3E-9E12-3C07662C2745}.Debug|Any CPU.ActiveCfg = Debug|Any CPU
		{12D80122-4555-4C3E-9E12-3C07662C2745}.Debug|Any CPU.Build.0 = Debug|Any CPU
		{12D80122-4555-4C3E-9E12-3C07662C2745}.Release|Any CPU.ActiveCfg = Release|Any CPU
		{12D80122-4555-4C3E-9E12-3C07662C2745}.Release|Any CPU.Build.0 = Release|Any CPU
	EndGlobalSection
	GlobalSection(SolutionProperties) = preSolution
		HideSolutionNode = FALSE
	EndGlobalSection
	GlobalSection(ExtensibilityGlobals) = postSolution
		SolutionGuid = {ADF1E994-CF82-4807-A1C2-897CA0510131}
	EndGlobalSection
EndGlobal
